
Microsoft Visual Studio Solution File, Format Version 12.00
# Visual Studio Version 17
VisualStudioVersion = 17.0.31903.59
MinimumVisualStudioVersion = 10.0.40219.1
Project("{2150E333-8FDC-42A3-9474-1A3956D46DE8}") = "Core", "Core", "{55558154-73F8-4900-8A7C-B78609032F2F}"
EndProject
Project("{FAE04EC0-301F-11D3-BF4B-00C04F79EFBC}") = "MyMovies.MoviesLibrary.Data", "MyMovies.MoviesLibrary.Data\MyMovies.MoviesLibrary.Data.csproj", "{D9A19E80-1A9B-4853-B7E9-7D3A03860742}"
EndProject
Project("{FAE04EC0-301F-11D3-BF4B-00C04F79EFBC}") = "MyMovies.MoviesLibrary.Business", "MyMovies.MoviesLibrary.Business\MyMovies.MoviesLibrary.Business.csproj", "{08DF63A8-EEC6-48AA-A5D4-73EE4D049225}"
EndProject
Project("{FAE04EC0-301F-11D3-BF4B-00C04F79EFBC}") = "MyMovies.MoviesLibrary.Domain", "MyMovies.MoviesLibrary.Domain\MyMovies.MoviesLibrary.Domain.csproj", "{15D4FFF0-4114-4868-B669-56A59BE13B73}"
EndProject
Project("{2150E333-8FDC-42A3-9474-1A3956D46DE8}") = "Test", "Test", "{A50D1B3E-96A4-460F-9730-A672E72871FD}"
EndProject
Project("{FAE04EC0-301F-11D3-BF4B-00C04F79EFBC}") = "MyMovies.MoviesTest.UnitTests", "MyMovies.MoviesTest.UnitTests\MyMovies.MoviesTest.UnitTests.csproj", "{17183C4A-0D12-4988-934D-563F198AA363}"
EndProject
Project("{2150E333-8FDC-42A3-9474-1A3956D46DE8}") = "Web", "Web", "{D0534538-E619-4EAA-BEF0-0A9FD381A064}"
EndProject
Project("{FAE04EC0-301F-11D3-BF4B-00C04F79EFBC}") = "MyMovies.MoviesApi.WebApp", "MyMovies.MoviesApi.WebApp\MyMovies.MoviesApi.WebApp.csproj", "{B93329F8-D940-4687-A5B8-B8EDEEDDDCB5}"
EndProject
Global
	GlobalSection(SolutionConfigurationPlatforms) = preSolution
		Debug|Any CPU = Debug|Any CPU
		Release|Any CPU = Release|Any CPU
	EndGlobalSection
	GlobalSection(SolutionProperties) = preSolution
		HideSolutionNode = FALSE
	EndGlobalSection
	GlobalSection(ProjectConfigurationPlatforms) = postSolution
		{D9A19E80-1A9B-4853-B7E9-7D3A03860742}.Debug|Any CPU.ActiveCfg = Debug|Any CPU
		{D9A19E80-1A9B-4853-B7E9-7D3A03860742}.Debug|Any CPU.Build.0 = Debug|Any CPU
		{D9A19E80-1A9B-4853-B7E9-7D3A03860742}.Release|Any CPU.ActiveCfg = Release|Any CPU
		{D9A19E80-1A9B-4853-B7E9-7D3A03860742}.Release|Any CPU.Build.0 = Release|Any CPU
		{08DF63A8-EEC6-48AA-A5D4-73EE4D049225}.Debug|Any CPU.ActiveCfg = Debug|Any CPU
		{08DF63A8-EEC6-48AA-A5D4-73EE4D049225}.Debug|Any CPU.Build.0 = Debug|Any CPU
		{08DF63A8-EEC6-48AA-A5D4-73EE4D049225}.Release|Any CPU.ActiveCfg = Release|Any CPU
		{08DF63A8-EEC6-48AA-A5D4-73EE4D049225}.Release|Any CPU.Build.0 = Release|Any CPU
		{15D4FFF0-4114-4868-B669-56A59BE13B73}.Debug|Any CPU.ActiveCfg = Debug|Any CPU
		{15D4FFF0-4114-4868-B669-56A59BE13B73}.Debug|Any CPU.Build.0 = Debug|Any CPU
		{15D4FFF0-4114-4868-B669-56A59BE13B73}.Release|Any CPU.ActiveCfg = Release|Any CPU
		{15D4FFF0-4114-4868-B669-56A59BE13B73}.Release|Any CPU.Build.0 = Release|Any CPU
		{17183C4A-0D12-4988-934D-563F198AA363}.Debug|Any CPU.ActiveCfg = Debug|Any CPU
		{17183C4A-0D12-4988-934D-563F198AA363}.Debug|Any CPU.Build.0 = Debug|Any CPU
		{17183C4A-0D12-4988-934D-563F198AA363}.Release|Any CPU.ActiveCfg = Release|Any CPU
		{17183C4A-0D12-4988-934D-563F198AA363}.Release|Any CPU.Build.0 = Release|Any CPU
		{B93329F8-D940-4687-A5B8-B8EDEEDDDCB5}.Debug|Any CPU.ActiveCfg = Debug|Any CPU
		{B93329F8-D940-4687-A5B8-B8EDEEDDDCB5}.Debug|Any CPU.Build.0 = Debug|Any CPU
		{B93329F8-D940-4687-A5B8-B8EDEEDDDCB5}.Release|Any CPU.ActiveCfg = Release|Any CPU
		{B93329F8-D940-4687-A5B8-B8EDEEDDDCB5}.Release|Any CPU.Build.0 = Release|Any CPU
	EndGlobalSection
	GlobalSection(NestedProjects) = preSolution
		{D9A19E80-1A9B-4853-B7E9-7D3A03860742} = {55558154-73F8-4900-8A7C-B78609032F2F}
		{08DF63A8-EEC6-48AA-A5D4-73EE4D049225} = {55558154-73F8-4900-8A7C-B78609032F2F}
		{15D4FFF0-4114-4868-B669-56A59BE13B73} = {55558154-73F8-4900-8A7C-B78609032F2F}
		{17183C4A-0D12-4988-934D-563F198AA363} = {A50D1B3E-96A4-460F-9730-A672E72871FD}
		{B93329F8-D940-4687-A5B8-B8EDEEDDDCB5} = {D0534538-E619-4EAA-BEF0-0A9FD381A064}
	EndGlobalSection
EndGlobal
