
Microsoft Visual Studio Solution File, Format Version 12.00
# Visual Studio Version 17
VisualStudioVersion = 17.0.31903.59
MinimumVisualStudioVersion = 10.0.40219.1
Project("{FAE04EC0-301F-11D3-BF4B-00C04F79EFBC}") = "MyMovies.WebApp", "MyMovies.WebApp\MyMovies.WebApp.csproj", "{3F08BC15-3CBF-47FA-8E2F-F04B0D4E34BE}"
EndProject
Global
	GlobalSection(SolutionConfigurationPlatforms) = preSolution
		Debug|Any CPU = Debug|Any CPU
		Release|Any CPU = Release|Any CPU
	EndGlobalSection
	GlobalSection(SolutionProperties) = preSolution
		HideSolutionNode = FALSE
	EndGlobalSection
	GlobalSection(ProjectConfigurationPlatforms) = postSolution
		{3F08BC15-3CBF-47FA-8E2F-F04B0D4E34BE}.Debug|Any CPU.ActiveCfg = Debug|Any CPU
		{3F08BC15-3CBF-47FA-8E2F-F04B0D4E34BE}.Debug|Any CPU.Build.0 = Debug|Any CPU
		{3F08BC15-3CBF-47FA-8E2F-F04B0D4E34BE}.Release|Any CPU.ActiveCfg = Release|Any CPU
		{3F08BC15-3CBF-47FA-8E2F-F04B0D4E34BE}.Release|Any CPU.Build.0 = Release|Any CPU
	EndGlobalSection
EndGlobal
