
Microsoft Visual Studio Solution File, Format Version 12.00
# Visual Studio Version 17
VisualStudioVersion = 17.0.31903.59
MinimumVisualStudioVersion = 10.0.40219.1
Project("{2150E333-8FDC-42A3-9474-1A3956D46DE8}") = "Core", "Core", "{54630A91-4A3D-4383-BC61-49E51F41D771}"
EndProject
Project("{FAE04EC0-301F-11D3-BF4B-00C04F79EFBC}") = "MyMovies.PersonsLibrary.Data", "MyMovies.PersonsLibrary.Data\MyMovies.PersonsLibrary.Data.csproj", "{CE2F64AE-D8F3-4C5E-B374-284A650CDC63}"
EndProject
Project("{FAE04EC0-301F-11D3-BF4B-00C04F79EFBC}") = "MyMovies.PersonsLibrary.Business", "MyMovies.PersonsLibrary.Business\MyMovies.PersonsLibrary.Business.csproj", "{A952E087-FB0F-4805-9912-BBDF736A53EC}"
EndProject
Project("{FAE04EC0-301F-11D3-BF4B-00C04F79EFBC}") = "MyMovies.PersonsLibrary.Domain", "MyMovies.PersonsLibrary.Domain\MyMovies.PersonsLibrary.Domain.csproj", "{05897A2D-4175-4491-9C6E-3B81642E02CA}"
EndProject
Project("{2150E333-8FDC-42A3-9474-1A3956D46DE8}") = "Test", "Test", "{C4FE6159-FEE6-4F90-A597-A0F97448601E}"
EndProject
Project("{FAE04EC0-301F-11D3-BF4B-00C04F79EFBC}") = "MyMovies.PersonsTest.UnitTests", "MyMovies.PersonsTest.UnitTests\MyMovies.PersonsTest.UnitTests.csproj", "{848D3650-3664-4A93-AB06-C295CCA93EBE}"
EndProject
Project("{2150E333-8FDC-42A3-9474-1A3956D46DE8}") = "Web", "Web", "{1CD90271-CAD3-4317-8D4D-C9C88F314052}"
EndProject
Project("{FAE04EC0-301F-11D3-BF4B-00C04F79EFBC}") = "MyMovies.PersonsApi.WebApp", "MyMovies.PersonsApi.WebApp\MyMovies.PersonsApi.WebApp.csproj", "{57EE4597-DD02-4C0A-A98F-78DADFFEB4B1}"
EndProject
Global
	GlobalSection(SolutionConfigurationPlatforms) = preSolution
		Debug|Any CPU = Debug|Any CPU
		Release|Any CPU = Release|Any CPU
	EndGlobalSection
	GlobalSection(SolutionProperties) = preSolution
		HideSolutionNode = FALSE
	EndGlobalSection
	GlobalSection(ProjectConfigurationPlatforms) = postSolution
		{CE2F64AE-D8F3-4C5E-B374-284A650CDC63}.Debug|Any CPU.ActiveCfg = Debug|Any CPU
		{CE2F64AE-D8F3-4C5E-B374-284A650CDC63}.Debug|Any CPU.Build.0 = Debug|Any CPU
		{CE2F64AE-D8F3-4C5E-B374-284A650CDC63}.Release|Any CPU.ActiveCfg = Release|Any CPU
		{CE2F64AE-D8F3-4C5E-B374-284A650CDC63}.Release|Any CPU.Build.0 = Release|Any CPU
		{A952E087-FB0F-4805-9912-BBDF736A53EC}.Debug|Any CPU.ActiveCfg = Debug|Any CPU
		{A952E087-FB0F-4805-9912-BBDF736A53EC}.Debug|Any CPU.Build.0 = Debug|Any CPU
		{A952E087-FB0F-4805-9912-BBDF736A53EC}.Release|Any CPU.ActiveCfg = Release|Any CPU
		{A952E087-FB0F-4805-9912-BBDF736A53EC}.Release|Any CPU.Build.0 = Release|Any CPU
		{05897A2D-4175-4491-9C6E-3B81642E02CA}.Debug|Any CPU.ActiveCfg = Debug|Any CPU
		{05897A2D-4175-4491-9C6E-3B81642E02CA}.Debug|Any CPU.Build.0 = Debug|Any CPU
		{05897A2D-4175-4491-9C6E-3B81642E02CA}.Release|Any CPU.ActiveCfg = Release|Any CPU
		{05897A2D-4175-4491-9C6E-3B81642E02CA}.Release|Any CPU.Build.0 = Release|Any CPU
		{848D3650-3664-4A93-AB06-C295CCA93EBE}.Debug|Any CPU.ActiveCfg = Debug|Any CPU
		{848D3650-3664-4A93-AB06-C295CCA93EBE}.Debug|Any CPU.Build.0 = Debug|Any CPU
		{848D3650-3664-4A93-AB06-C295CCA93EBE}.Release|Any CPU.ActiveCfg = Release|Any CPU
		{848D3650-3664-4A93-AB06-C295CCA93EBE}.Release|Any CPU.Build.0 = Release|Any CPU
		{57EE4597-DD02-4C0A-A98F-78DADFFEB4B1}.Debug|Any CPU.ActiveCfg = Debug|Any CPU
		{57EE4597-DD02-4C0A-A98F-78DADFFEB4B1}.Debug|Any CPU.Build.0 = Debug|Any CPU
		{57EE4597-DD02-4C0A-A98F-78DADFFEB4B1}.Release|Any CPU.ActiveCfg = Release|Any CPU
		{57EE4597-DD02-4C0A-A98F-78DADFFEB4B1}.Release|Any CPU.Build.0 = Release|Any CPU
	EndGlobalSection
	GlobalSection(NestedProjects) = preSolution
		{CE2F64AE-D8F3-4C5E-B374-284A650CDC63} = {54630A91-4A3D-4383-BC61-49E51F41D771}
		{A952E087-FB0F-4805-9912-BBDF736A53EC} = {54630A91-4A3D-4383-BC61-49E51F41D771}
		{05897A2D-4175-4491-9C6E-3B81642E02CA} = {54630A91-4A3D-4383-BC61-49E51F41D771}
		{848D3650-3664-4A93-AB06-C295CCA93EBE} = {C4FE6159-FEE6-4F90-A597-A0F97448601E}
		{57EE4597-DD02-4C0A-A98F-78DADFFEB4B1} = {1CD90271-CAD3-4317-8D4D-C9C88F314052}
	EndGlobalSection
EndGlobal
