
Microsoft Visual Studio Solution File, Format Version 12.00
# Visual Studio Version 17
VisualStudioVersion = 17.0.31903.59
MinimumVisualStudioVersion = 10.0.40219.1
Project("{2150E333-8FDC-42A3-9474-1A3956D46DE8}") = "Core", "Core", "{A83420CA-E981-4F3D-AEE3-9DC99E03CC78}"
EndProject
Project("{FAE04EC0-301F-11D3-BF4B-00C04F79EFBC}") = "MyMovies.PersonsLibrary.Data", "MyMovies.PersonsLibrary.Data\MyMovies.PersonsLibrary.Data.csproj", "{5B5ACF11-6D5E-4470-B64F-3E067FECFEA8}"
EndProject
Project("{FAE04EC0-301F-11D3-BF4B-00C04F79EFBC}") = "MyMovies.PersonsLibrary.Business", "MyMovies.PersonsLibrary.Business\MyMovies.PersonsLibrary.Business.csproj", "{7E6982F4-F806-4533-9906-EC46FAE792E6}"
EndProject
Project("{FAE04EC0-301F-11D3-BF4B-00C04F79EFBC}") = "MyMovies.PersonsLibrary.Domain", "MyMovies.PersonsLibrary.Domain\MyMovies.PersonsLibrary.Domain.csproj", "{3E4B5F5F-7B2E-4F76-8E4D-48A298BE6911}"
EndProject
Project("{2150E333-8FDC-42A3-9474-1A3956D46DE8}") = "Test", "Test", "{696E0002-7A60-4D56-B8E6-43644AED2959}"
EndProject
Project("{FAE04EC0-301F-11D3-BF4B-00C04F79EFBC}") = "MyMovies.PersonsTest.UnitTests", "MyMovies.PersonsTest.UnitTests\MyMovies.PersonsTest.UnitTests.csproj", "{EBE74E8E-321E-41F2-B7C6-69E897E29C51}"
EndProject
Project("{2150E333-8FDC-42A3-9474-1A3956D46DE8}") = "Web", "Web", "{A15CB045-4089-450E-99B8-56D993478EAA}"
EndProject
Project("{FAE04EC0-301F-11D3-BF4B-00C04F79EFBC}") = "MyMovies.PersonsApi.WebApp", "MyMovies.PersonsApi.WebApp\MyMovies.PersonsApi.WebApp.csproj", "{53C3FCA2-E77E-4366-BACA-AFCD5FEEAFD7}"
EndProject
Global
	GlobalSection(SolutionConfigurationPlatforms) = preSolution
		Debug|Any CPU = Debug|Any CPU
		Release|Any CPU = Release|Any CPU
	EndGlobalSection
	GlobalSection(SolutionProperties) = preSolution
		HideSolutionNode = FALSE
	EndGlobalSection
	GlobalSection(ProjectConfigurationPlatforms) = postSolution
		{5B5ACF11-6D5E-4470-B64F-3E067FECFEA8}.Debug|Any CPU.ActiveCfg = Debug|Any CPU
		{5B5ACF11-6D5E-4470-B64F-3E067FECFEA8}.Debug|Any CPU.Build.0 = Debug|Any CPU
		{5B5ACF11-6D5E-4470-B64F-3E067FECFEA8}.Release|Any CPU.ActiveCfg = Release|Any CPU
		{5B5ACF11-6D5E-4470-B64F-3E067FECFEA8}.Release|Any CPU.Build.0 = Release|Any CPU
		{7E6982F4-F806-4533-9906-EC46FAE792E6}.Debug|Any CPU.ActiveCfg = Debug|Any CPU
		{7E6982F4-F806-4533-9906-EC46FAE792E6}.Debug|Any CPU.Build.0 = Debug|Any CPU
		{7E6982F4-F806-4533-9906-EC46FAE792E6}.Release|Any CPU.ActiveCfg = Release|Any CPU
		{7E6982F4-F806-4533-9906-EC46FAE792E6}.Release|Any CPU.Build.0 = Release|Any CPU
		{3E4B5F5F-7B2E-4F76-8E4D-48A298BE6911}.Debug|Any CPU.ActiveCfg = Debug|Any CPU
		{3E4B5F5F-7B2E-4F76-8E4D-48A298BE6911}.Debug|Any CPU.Build.0 = Debug|Any CPU
		{3E4B5F5F-7B2E-4F76-8E4D-48A298BE6911}.Release|Any CPU.ActiveCfg = Release|Any CPU
		{3E4B5F5F-7B2E-4F76-8E4D-48A298BE6911}.Release|Any CPU.Build.0 = Release|Any CPU
		{EBE74E8E-321E-41F2-B7C6-69E897E29C51}.Debug|Any CPU.ActiveCfg = Debug|Any CPU
		{EBE74E8E-321E-41F2-B7C6-69E897E29C51}.Debug|Any CPU.Build.0 = Debug|Any CPU
		{EBE74E8E-321E-41F2-B7C6-69E897E29C51}.Release|Any CPU.ActiveCfg = Release|Any CPU
		{EBE74E8E-321E-41F2-B7C6-69E897E29C51}.Release|Any CPU.Build.0 = Release|Any CPU
		{53C3FCA2-E77E-4366-BACA-AFCD5FEEAFD7}.Debug|Any CPU.ActiveCfg = Debug|Any CPU
		{53C3FCA2-E77E-4366-BACA-AFCD5FEEAFD7}.Debug|Any CPU.Build.0 = Debug|Any CPU
		{53C3FCA2-E77E-4366-BACA-AFCD5FEEAFD7}.Release|Any CPU.ActiveCfg = Release|Any CPU
		{53C3FCA2-E77E-4366-BACA-AFCD5FEEAFD7}.Release|Any CPU.Build.0 = Release|Any CPU
	EndGlobalSection
	GlobalSection(NestedProjects) = preSolution
		{5B5ACF11-6D5E-4470-B64F-3E067FECFEA8} = {A83420CA-E981-4F3D-AEE3-9DC99E03CC78}
		{7E6982F4-F806-4533-9906-EC46FAE792E6} = {A83420CA-E981-4F3D-AEE3-9DC99E03CC78}
		{3E4B5F5F-7B2E-4F76-8E4D-48A298BE6911} = {A83420CA-E981-4F3D-AEE3-9DC99E03CC78}
		{EBE74E8E-321E-41F2-B7C6-69E897E29C51} = {696E0002-7A60-4D56-B8E6-43644AED2959}
		{53C3FCA2-E77E-4366-BACA-AFCD5FEEAFD7} = {A15CB045-4089-450E-99B8-56D993478EAA}
	EndGlobalSection
EndGlobal
